
Microsoft Visual Studio Solution File, Format Version 12.00
# Visual Studio Version 17
VisualStudioVersion = 17.9.34723.18
MinimumVisualStudioVersion = 10.0.40219.1
Project("{8BC9CEB8-8B4A-11D0-8D11-00A0C91BC942}") = "2024-02-26 (Intro to C++)", "2024-02-26 (Intro to C++)\2024-02-26 (Intro to C++).vcxproj", "{5C3D7CE8-4A3B-486D-BD42-0C4B31E078C8}"
EndProject
Project("{8BC9CEB8-8B4A-11D0-8D11-00A0C91BC942}") = "2024-02-28 (Variables, Data types)", "2024-02-28 (Variables, Data types)\2024-02-28 (Variables, Data types).vcxproj", "{FCF7D1EB-20C7-4CF1-B70D-598B19B61525}"
EndProject
Project("{8BC9CEB8-8B4A-11D0-8D11-00A0C91BC942}") = "2024-03-01 (Logical operators, Branching operators)", "2024-03-01 (Logical operators, Branching operators)\2024-03-01 (Logical operators, Branching operators).vcxproj", "{95F57822-8939-4665-B29F-65163F997237}"
EndProject
Project("{8BC9CEB8-8B4A-11D0-8D11-00A0C91BC942}") = "2024-03-04 (Cycles)", "2024-03-04 (Cycles)\2024-03-04 (Cycles).vcxproj", "{1CCB4CD8-F838-4CAD-A487-7516536D38D0}"
EndProject
Project("{8BC9CEB8-8B4A-11D0-8D11-00A0C91BC942}") = "2024-03-06 (For, Include cycles, Debugger)", "2024-03-06 (For, Include cycles, Debugger)\2024-03-06 (For, Include cycles, Debugger).vcxproj", "{B78D21BE-B744-4302-A8BE-3DC65692123A}"
EndProject
Project("{8BC9CEB8-8B4A-11D0-8D11-00A0C91BC942}") = "2024-03-08 (Array)", "2024-03-08 (Array)\2024-03-08 (Array).vcxproj", "{14199886-6E03-415F-8C06-2CB27CB8B74C}"
EndProject
Project("{8BC9CEB8-8B4A-11D0-8D11-00A0C91BC942}") = "2024-03-11 (Multidimensional arrays)", "2024-03-11 (Multidimensional arrays)\2024-03-11 (Multidimensional arrays).vcxproj", "{5211E404-236F-4D37-ACC1-527CB20611CA}"
EndProject
Project("{8BC9CEB8-8B4A-11D0-8D11-00A0C91BC942}") = "2024-03-13 (Functions)", "2024-03-13 (Functions)\2024-03-13 (Functions).vcxproj", "{265C51A5-3E0A-4A0E-8829-00ED6D61364B}"
EndProject
Project("{8BC9CEB8-8B4A-11D0-8D11-00A0C91BC942}") = "2024-03-14 (Overload funtions)", "2024-03-14 (Overload funtions)\2024-03-14 (Overload funtions).vcxproj", "{E8942F7D-4356-4F03-9CB5-5F44DFEE1579}"
EndProject
Project("{8BC9CEB8-8B4A-11D0-8D11-00A0C91BC942}") = "2024-03-18 (Lenear search, Sort)", "2024-03-18 (Lenear search, Sort)\2024-03-18 (Lenear search, Sort).vcxproj", "{CE1E3777-9E64-460B-83E0-302C86596213}"
EndProject
Project("{8BC9CEB8-8B4A-11D0-8D11-00A0C91BC942}") = "2024-03-20 (Pointers)", "2024-03-20 (Pointers)\2024-03-20 (Pointers).vcxproj", "{14A7CA03-F3A9-4CE0-A1DB-ED8CF8851E22}"
EndProject
Project("{8BC9CEB8-8B4A-11D0-8D11-00A0C91BC942}") = "2024-03-22 (Links, Set position, Set color, Setw)", "2024-03-22 (Links, Set position, Set color, Setw)\2024-03-22 (Links, Set position, Set color, Setw).vcxproj", "{3F504D64-FEEB-4DE5-A6B8-FDCA2F551CAE}"
EndProject
Project("{8BC9CEB8-8B4A-11D0-8D11-00A0C91BC942}") = "2024-03-22 (C-style)", "2024-03-22 (C-style)\2024-03-22 (C-style).vcxproj", "{708C1CF3-EF05-40CF-9A1A-FAA084936166}"
EndProject
Project("{8BC9CEB8-8B4A-11D0-8D11-00A0C91BC942}") = "2024-03-25 (Dynamic memory)", "2024-03-25 (Dynamic memory)\2024-03-25 (Dynamic memory).vcxproj", "{8A694FFE-4105-489F-9E91-A6E73951D772}"
EndProject
Project("{8BC9CEB8-8B4A-11D0-8D11-00A0C91BC942}") = "2024-03-27 (Two dynam arr)", "2024-03-27 (Two dynam arr)\2024-03-27 (Two dynam arr).vcxproj", "{B4EF987E-8E8C-43F9-84C5-20507FA9D90B}"
EndProject
Project("{8BC9CEB8-8B4A-11D0-8D11-00A0C91BC942}") = "2024-03-29 (Struct)", "2024-03-29 (Struct)\2024-03-29 (Struct).vcxproj", "{1B3000E3-AC02-40B5-BB89-062B855D994E}"
EndProject
Project("{8BC9CEB8-8B4A-11D0-8D11-00A0C91BC942}") = "2024-04-01 (Struct, Save to file)", "2024-04-01 (Struct, Save to file)\2024-04-01 (Struct, Save to file).vcxproj", "{865B98ED-4B0E-49B1-A744-1ECE96818526}"
EndProject
Project("{8BC9CEB8-8B4A-11D0-8D11-00A0C91BC942}") = "2024-04-03 (Intro to OOP)", "2024-04-03 (Intro to OOP)\2024-04-03 (Intro to OOP).vcxproj", "{6D85E6A7-FCFB-42AF-8668-A65B29D25724}"
EndProject
Project("{8BC9CEB8-8B4A-11D0-8D11-00A0C91BC942}") = "2024-04-05 (Constructor, Destructor)", "2024-04-05 (Constructor, Destructor)\2024-04-05 (Constructor, Destructor).vcxproj", "{1C446D3B-30B2-4161-86B2-659D18F376FC}"
EndProject
Project("{8BC9CEB8-8B4A-11D0-8D11-00A0C91BC942}") = "2024-04-08 (Copy constructor)", "2024-04-08 (Copy constructor)\2024-04-08 (Copy constructor).vcxproj", "{FC853B3D-ACD6-4045-A682-0FDE75916FCF}"
EndProject
Project("{8BC9CEB8-8B4A-11D0-8D11-00A0C91BC942}") = "2024-04-10 (Destruction constructor, Static methods)", "2024-04-10 (Destruction constructor, Static methods)\2024-04-10 (Destruction constructor, Static methods).vcxproj", "{17270B7D-DD99-4871-A330-E56C99C5CE86}"
EndProject
Project("{8BC9CEB8-8B4A-11D0-8D11-00A0C91BC942}") = "2024-04-12 (Explicit constructor)", "2024-04-12 (Explicit constructor)\2024-04-12 (Explicit constructor).vcxproj", "{403E7C56-B964-4D0C-A96C-9A8FCD8E6B4A}"
EndProject
Project("{8BC9CEB8-8B4A-11D0-8D11-00A0C91BC942}") = "2024-04-12 (Const method)", "2024-04-12 (Const method)\2024-04-12 (Const method).vcxproj", "{C1F10D3E-83C0-4F65-91F0-CFD479C5D7E8}"
EndProject
Project("{8BC9CEB8-8B4A-11D0-8D11-00A0C91BC942}") = "2024-04-15 (Overload operator)", "2024-04-15 (Overload operator)\2024-04-15 (Overload operator).vcxproj", "{33E54E1B-2273-45D1-BA8B-05DF301D2699}"
EndProject
Project("{8BC9CEB8-8B4A-11D0-8D11-00A0C91BC942}") = "2024-04-17 (Overload types)", "2024-04-17 (Overload types)\2024-04-17 (Overload types).vcxproj", "{57C0D3EF-272E-4828-B68B-2163BD83AF11}"
EndProject
Project("{8BC9CEB8-8B4A-11D0-8D11-00A0C91BC942}") = "2024-04-19 (Library)", "2024-04-19 (Library)\2024-04-19 (Library).vcxproj", "{C13BE807-918E-46CB-A7A1-11A1E654DF85}"
EndProject
Project("{8BC9CEB8-8B4A-11D0-8D11-00A0C91BC942}") = "2024-04-19 (Move constructor, Operator =)", "2024-04-19 (Move constructor, Operator =)\2024-04-19 (Move constructor, Operator =).vcxproj", "{1AC01556-CC7C-468F-9B03-590955D22446}"
EndProject
Project("{8BC9CEB8-8B4A-11D0-8D11-00A0C91BC942}") = "2024-04-19 (Overload data types)", "2024-04-19 (Overload data types)\2024-04-19 (Overload data types).vcxproj", "{9DB0C1BD-F7A3-47F0-A5FB-85DEDA623468}"
EndProject
Project("{8BC9CEB8-8B4A-11D0-8D11-00A0C91BC942}") = "2024-04-22 (Class template)", "2024-04-22 (Class template)\2024-04-22 (Class template).vcxproj", "{1B1F8EE1-55FA-4A9E-A6F9-AA55655D70A2}"
EndProject
Project("{8BC9CEB8-8B4A-11D0-8D11-00A0C91BC942}") = "2024-04-22 (Initializer list)", "2024-04-22 (Initializer list)\2024-04-22 (Initializer list).vcxproj", "{A7231248-0F71-4DE4-B810-F3A824A43308}"
EndProject
Project("{8BC9CEB8-8B4A-11D0-8D11-00A0C91BC942}") = "2024-04-24 (Queue)", "2024-04-24 (Queue)\2024-04-24 (Queue).vcxproj", "{239141AB-27F2-4971-8846-0BB67BD21FD6}"
EndProject
Project("{8BC9CEB8-8B4A-11D0-8D11-00A0C91BC942}") = "2024-04-24 (Stack)", "2024-04-24 (Stack)\2024-04-24 (Stack).vcxproj", "{04D43D76-F73C-4165-8B78-733277297593}"
EndProject
Project("{8BC9CEB8-8B4A-11D0-8D11-00A0C91BC942}") = "2024-04-26 (Queue with priority)", "2024-04-26 (Queue with priority)\2024-04-26 (Queue with priority).vcxproj", "{0786859B-454E-4643-BD82-E26B3C212C79}"
EndProject
Project("{8BC9CEB8-8B4A-11D0-8D11-00A0C91BC942}") = "2024-04-29 (Single linked list)", "2024-04-29 (Single linked list)\2024-04-29 (Single linked list).vcxproj", "{6C0DC9F2-6E3E-4BD5-BDFB-EC16CC5E25EF}"
EndProject
Project("{8BC9CEB8-8B4A-11D0-8D11-00A0C91BC942}") = "2024-04-30 (Double linked list)", "2024-04-30 (Double linked list)\2024-04-30 (Double linked list).vcxproj", "{F59779AB-3322-43E8-BFD0-8523FF3D7DDF}"
EndProject
Project("{8BC9CEB8-8B4A-11D0-8D11-00A0C91BC942}") = "2024-05-01 (Inheritance)", "2024-05-01 (Inheritance)\2024-05-01 (Inheritance).vcxproj", "{DA76BD25-4267-4FD0-A873-EA57EAC9ED89}"
EndProject
Project("{8BC9CEB8-8B4A-11D0-8D11-00A0C91BC942}") = "2024-05-13 (Inheritance, Polimorphism)", "2024-05-13 (Inheritance, Polimorphism)\2024-05-13 (Inheritance, Polimorphism).vcxproj", "{7B861829-010D-4185-BDF5-492A948DE440}"
EndProject
Project("{8BC9CEB8-8B4A-11D0-8D11-00A0C91BC942}") = "2024-05-15 (Abstract class)", "2024-05-15 (Abstract class)\2024-05-15 (Abstract class).vcxproj", "{F4FCD0C8-6F6B-44B1-BD87-582102E66C38}"
EndProject
Project("{8BC9CEB8-8B4A-11D0-8D11-00A0C91BC942}") = "2024-05-17 (Multi inheritance)", "2024-05-17 (Multi inheritance)\2024-05-17 (Multi inheritance).vcxproj", "{38C9BAB8-CAD7-464F-8421-99EE0D509BE5}"
EndProject
Global
	GlobalSection(SolutionConfigurationPlatforms) = preSolution
		Debug|x64 = Debug|x64
		Debug|x86 = Debug|x86
		Release|x64 = Release|x64
		Release|x86 = Release|x86
	EndGlobalSection
	GlobalSection(ProjectConfigurationPlatforms) = postSolution
		{5C3D7CE8-4A3B-486D-BD42-0C4B31E078C8}.Debug|x64.ActiveCfg = Debug|x64
		{5C3D7CE8-4A3B-486D-BD42-0C4B31E078C8}.Debug|x64.Build.0 = Debug|x64
		{5C3D7CE8-4A3B-486D-BD42-0C4B31E078C8}.Debug|x86.ActiveCfg = Debug|Win32
		{5C3D7CE8-4A3B-486D-BD42-0C4B31E078C8}.Debug|x86.Build.0 = Debug|Win32
		{5C3D7CE8-4A3B-486D-BD42-0C4B31E078C8}.Release|x64.ActiveCfg = Release|x64
		{5C3D7CE8-4A3B-486D-BD42-0C4B31E078C8}.Release|x64.Build.0 = Release|x64
		{5C3D7CE8-4A3B-486D-BD42-0C4B31E078C8}.Release|x86.ActiveCfg = Release|Win32
		{5C3D7CE8-4A3B-486D-BD42-0C4B31E078C8}.Release|x86.Build.0 = Release|Win32
		{FCF7D1EB-20C7-4CF1-B70D-598B19B61525}.Debug|x64.ActiveCfg = Debug|x64
		{FCF7D1EB-20C7-4CF1-B70D-598B19B61525}.Debug|x64.Build.0 = Debug|x64
		{FCF7D1EB-20C7-4CF1-B70D-598B19B61525}.Debug|x86.ActiveCfg = Debug|Win32
		{FCF7D1EB-20C7-4CF1-B70D-598B19B61525}.Debug|x86.Build.0 = Debug|Win32
		{FCF7D1EB-20C7-4CF1-B70D-598B19B61525}.Release|x64.ActiveCfg = Release|x64
		{FCF7D1EB-20C7-4CF1-B70D-598B19B61525}.Release|x64.Build.0 = Release|x64
		{FCF7D1EB-20C7-4CF1-B70D-598B19B61525}.Release|x86.ActiveCfg = Release|Win32
		{FCF7D1EB-20C7-4CF1-B70D-598B19B61525}.Release|x86.Build.0 = Release|Win32
		{95F57822-8939-4665-B29F-65163F997237}.Debug|x64.ActiveCfg = Debug|x64
		{95F57822-8939-4665-B29F-65163F997237}.Debug|x64.Build.0 = Debug|x64
		{95F57822-8939-4665-B29F-65163F997237}.Debug|x86.ActiveCfg = Debug|Win32
		{95F57822-8939-4665-B29F-65163F997237}.Debug|x86.Build.0 = Debug|Win32
		{95F57822-8939-4665-B29F-65163F997237}.Release|x64.ActiveCfg = Release|x64
		{95F57822-8939-4665-B29F-65163F997237}.Release|x64.Build.0 = Release|x64
		{95F57822-8939-4665-B29F-65163F997237}.Release|x86.ActiveCfg = Release|Win32
		{95F57822-8939-4665-B29F-65163F997237}.Release|x86.Build.0 = Release|Win32
		{1CCB4CD8-F838-4CAD-A487-7516536D38D0}.Debug|x64.ActiveCfg = Debug|x64
		{1CCB4CD8-F838-4CAD-A487-7516536D38D0}.Debug|x64.Build.0 = Debug|x64
		{1CCB4CD8-F838-4CAD-A487-7516536D38D0}.Debug|x86.ActiveCfg = Debug|Win32
		{1CCB4CD8-F838-4CAD-A487-7516536D38D0}.Debug|x86.Build.0 = Debug|Win32
		{1CCB4CD8-F838-4CAD-A487-7516536D38D0}.Release|x64.ActiveCfg = Release|x64
		{1CCB4CD8-F838-4CAD-A487-7516536D38D0}.Release|x64.Build.0 = Release|x64
		{1CCB4CD8-F838-4CAD-A487-7516536D38D0}.Release|x86.ActiveCfg = Release|Win32
		{1CCB4CD8-F838-4CAD-A487-7516536D38D0}.Release|x86.Build.0 = Release|Win32
		{B78D21BE-B744-4302-A8BE-3DC65692123A}.Debug|x64.ActiveCfg = Debug|x64
		{B78D21BE-B744-4302-A8BE-3DC65692123A}.Debug|x64.Build.0 = Debug|x64
		{B78D21BE-B744-4302-A8BE-3DC65692123A}.Debug|x86.ActiveCfg = Debug|Win32
		{B78D21BE-B744-4302-A8BE-3DC65692123A}.Debug|x86.Build.0 = Debug|Win32
		{B78D21BE-B744-4302-A8BE-3DC65692123A}.Release|x64.ActiveCfg = Release|x64
		{B78D21BE-B744-4302-A8BE-3DC65692123A}.Release|x64.Build.0 = Release|x64
		{B78D21BE-B744-4302-A8BE-3DC65692123A}.Release|x86.ActiveCfg = Release|Win32
		{B78D21BE-B744-4302-A8BE-3DC65692123A}.Release|x86.Build.0 = Release|Win32
		{14199886-6E03-415F-8C06-2CB27CB8B74C}.Debug|x64.ActiveCfg = Debug|x64
		{14199886-6E03-415F-8C06-2CB27CB8B74C}.Debug|x64.Build.0 = Debug|x64
		{14199886-6E03-415F-8C06-2CB27CB8B74C}.Debug|x86.ActiveCfg = Debug|Win32
		{14199886-6E03-415F-8C06-2CB27CB8B74C}.Debug|x86.Build.0 = Debug|Win32
		{14199886-6E03-415F-8C06-2CB27CB8B74C}.Release|x64.ActiveCfg = Release|x64
		{14199886-6E03-415F-8C06-2CB27CB8B74C}.Release|x64.Build.0 = Release|x64
		{14199886-6E03-415F-8C06-2CB27CB8B74C}.Release|x86.ActiveCfg = Release|Win32
		{14199886-6E03-415F-8C06-2CB27CB8B74C}.Release|x86.Build.0 = Release|Win32
		{5211E404-236F-4D37-ACC1-527CB20611CA}.Debug|x64.ActiveCfg = Debug|x64
		{5211E404-236F-4D37-ACC1-527CB20611CA}.Debug|x64.Build.0 = Debug|x64
		{5211E404-236F-4D37-ACC1-527CB20611CA}.Debug|x86.ActiveCfg = Debug|Win32
		{5211E404-236F-4D37-ACC1-527CB20611CA}.Debug|x86.Build.0 = Debug|Win32
		{5211E404-236F-4D37-ACC1-527CB20611CA}.Release|x64.ActiveCfg = Release|x64
		{5211E404-236F-4D37-ACC1-527CB20611CA}.Release|x64.Build.0 = Release|x64
		{5211E404-236F-4D37-ACC1-527CB20611CA}.Release|x86.ActiveCfg = Release|Win32
		{5211E404-236F-4D37-ACC1-527CB20611CA}.Release|x86.Build.0 = Release|Win32
		{265C51A5-3E0A-4A0E-8829-00ED6D61364B}.Debug|x64.ActiveCfg = Debug|x64
		{265C51A5-3E0A-4A0E-8829-00ED6D61364B}.Debug|x64.Build.0 = Debug|x64
		{265C51A5-3E0A-4A0E-8829-00ED6D61364B}.Debug|x86.ActiveCfg = Debug|Win32
		{265C51A5-3E0A-4A0E-8829-00ED6D61364B}.Debug|x86.Build.0 = Debug|Win32
		{265C51A5-3E0A-4A0E-8829-00ED6D61364B}.Release|x64.ActiveCfg = Release|x64
		{265C51A5-3E0A-4A0E-8829-00ED6D61364B}.Release|x64.Build.0 = Release|x64
		{265C51A5-3E0A-4A0E-8829-00ED6D61364B}.Release|x86.ActiveCfg = Release|Win32
		{265C51A5-3E0A-4A0E-8829-00ED6D61364B}.Release|x86.Build.0 = Release|Win32
		{E8942F7D-4356-4F03-9CB5-5F44DFEE1579}.Debug|x64.ActiveCfg = Debug|x64
		{E8942F7D-4356-4F03-9CB5-5F44DFEE1579}.Debug|x64.Build.0 = Debug|x64
		{E8942F7D-4356-4F03-9CB5-5F44DFEE1579}.Debug|x86.ActiveCfg = Debug|Win32
		{E8942F7D-4356-4F03-9CB5-5F44DFEE1579}.Debug|x86.Build.0 = Debug|Win32
		{E8942F7D-4356-4F03-9CB5-5F44DFEE1579}.Release|x64.ActiveCfg = Release|x64
		{E8942F7D-4356-4F03-9CB5-5F44DFEE1579}.Release|x64.Build.0 = Release|x64
		{E8942F7D-4356-4F03-9CB5-5F44DFEE1579}.Release|x86.ActiveCfg = Release|Win32
		{E8942F7D-4356-4F03-9CB5-5F44DFEE1579}.Release|x86.Build.0 = Release|Win32
		{CE1E3777-9E64-460B-83E0-302C86596213}.Debug|x64.ActiveCfg = Debug|x64
		{CE1E3777-9E64-460B-83E0-302C86596213}.Debug|x64.Build.0 = Debug|x64
		{CE1E3777-9E64-460B-83E0-302C86596213}.Debug|x86.ActiveCfg = Debug|Win32
		{CE1E3777-9E64-460B-83E0-302C86596213}.Debug|x86.Build.0 = Debug|Win32
		{CE1E3777-9E64-460B-83E0-302C86596213}.Release|x64.ActiveCfg = Release|x64
		{CE1E3777-9E64-460B-83E0-302C86596213}.Release|x64.Build.0 = Release|x64
		{CE1E3777-9E64-460B-83E0-302C86596213}.Release|x86.ActiveCfg = Release|Win32
		{CE1E3777-9E64-460B-83E0-302C86596213}.Release|x86.Build.0 = Release|Win32
		{14A7CA03-F3A9-4CE0-A1DB-ED8CF8851E22}.Debug|x64.ActiveCfg = Debug|x64
		{14A7CA03-F3A9-4CE0-A1DB-ED8CF8851E22}.Debug|x64.Build.0 = Debug|x64
		{14A7CA03-F3A9-4CE0-A1DB-ED8CF8851E22}.Debug|x86.ActiveCfg = Debug|Win32
		{14A7CA03-F3A9-4CE0-A1DB-ED8CF8851E22}.Debug|x86.Build.0 = Debug|Win32
		{14A7CA03-F3A9-4CE0-A1DB-ED8CF8851E22}.Release|x64.ActiveCfg = Release|x64
		{14A7CA03-F3A9-4CE0-A1DB-ED8CF8851E22}.Release|x64.Build.0 = Release|x64
		{14A7CA03-F3A9-4CE0-A1DB-ED8CF8851E22}.Release|x86.ActiveCfg = Release|Win32
		{14A7CA03-F3A9-4CE0-A1DB-ED8CF8851E22}.Release|x86.Build.0 = Release|Win32
		{3F504D64-FEEB-4DE5-A6B8-FDCA2F551CAE}.Debug|x64.ActiveCfg = Debug|x64
		{3F504D64-FEEB-4DE5-A6B8-FDCA2F551CAE}.Debug|x64.Build.0 = Debug|x64
		{3F504D64-FEEB-4DE5-A6B8-FDCA2F551CAE}.Debug|x86.ActiveCfg = Debug|Win32
		{3F504D64-FEEB-4DE5-A6B8-FDCA2F551CAE}.Debug|x86.Build.0 = Debug|Win32
		{3F504D64-FEEB-4DE5-A6B8-FDCA2F551CAE}.Release|x64.ActiveCfg = Release|x64
		{3F504D64-FEEB-4DE5-A6B8-FDCA2F551CAE}.Release|x64.Build.0 = Release|x64
		{3F504D64-FEEB-4DE5-A6B8-FDCA2F551CAE}.Release|x86.ActiveCfg = Release|Win32
		{3F504D64-FEEB-4DE5-A6B8-FDCA2F551CAE}.Release|x86.Build.0 = Release|Win32
		{708C1CF3-EF05-40CF-9A1A-FAA084936166}.Debug|x64.ActiveCfg = Debug|x64
		{708C1CF3-EF05-40CF-9A1A-FAA084936166}.Debug|x64.Build.0 = Debug|x64
		{708C1CF3-EF05-40CF-9A1A-FAA084936166}.Debug|x86.ActiveCfg = Debug|Win32
		{708C1CF3-EF05-40CF-9A1A-FAA084936166}.Debug|x86.Build.0 = Debug|Win32
		{708C1CF3-EF05-40CF-9A1A-FAA084936166}.Release|x64.ActiveCfg = Release|x64
		{708C1CF3-EF05-40CF-9A1A-FAA084936166}.Release|x64.Build.0 = Release|x64
		{708C1CF3-EF05-40CF-9A1A-FAA084936166}.Release|x86.ActiveCfg = Release|Win32
		{708C1CF3-EF05-40CF-9A1A-FAA084936166}.Release|x86.Build.0 = Release|Win32
		{8A694FFE-4105-489F-9E91-A6E73951D772}.Debug|x64.ActiveCfg = Debug|x64
		{8A694FFE-4105-489F-9E91-A6E73951D772}.Debug|x64.Build.0 = Debug|x64
		{8A694FFE-4105-489F-9E91-A6E73951D772}.Debug|x86.ActiveCfg = Debug|Win32
		{8A694FFE-4105-489F-9E91-A6E73951D772}.Debug|x86.Build.0 = Debug|Win32
		{8A694FFE-4105-489F-9E91-A6E73951D772}.Release|x64.ActiveCfg = Release|x64
		{8A694FFE-4105-489F-9E91-A6E73951D772}.Release|x64.Build.0 = Release|x64
		{8A694FFE-4105-489F-9E91-A6E73951D772}.Release|x86.ActiveCfg = Release|Win32
		{8A694FFE-4105-489F-9E91-A6E73951D772}.Release|x86.Build.0 = Release|Win32
		{B4EF987E-8E8C-43F9-84C5-20507FA9D90B}.Debug|x64.ActiveCfg = Debug|x64
		{B4EF987E-8E8C-43F9-84C5-20507FA9D90B}.Debug|x64.Build.0 = Debug|x64
		{B4EF987E-8E8C-43F9-84C5-20507FA9D90B}.Debug|x86.ActiveCfg = Debug|Win32
		{B4EF987E-8E8C-43F9-84C5-20507FA9D90B}.Debug|x86.Build.0 = Debug|Win32
		{B4EF987E-8E8C-43F9-84C5-20507FA9D90B}.Release|x64.ActiveCfg = Release|x64
		{B4EF987E-8E8C-43F9-84C5-20507FA9D90B}.Release|x64.Build.0 = Release|x64
		{B4EF987E-8E8C-43F9-84C5-20507FA9D90B}.Release|x86.ActiveCfg = Release|Win32
		{B4EF987E-8E8C-43F9-84C5-20507FA9D90B}.Release|x86.Build.0 = Release|Win32
		{1B3000E3-AC02-40B5-BB89-062B855D994E}.Debug|x64.ActiveCfg = Debug|x64
		{1B3000E3-AC02-40B5-BB89-062B855D994E}.Debug|x64.Build.0 = Debug|x64
		{1B3000E3-AC02-40B5-BB89-062B855D994E}.Debug|x86.ActiveCfg = Debug|Win32
		{1B3000E3-AC02-40B5-BB89-062B855D994E}.Debug|x86.Build.0 = Debug|Win32
		{1B3000E3-AC02-40B5-BB89-062B855D994E}.Release|x64.ActiveCfg = Release|x64
		{1B3000E3-AC02-40B5-BB89-062B855D994E}.Release|x64.Build.0 = Release|x64
		{1B3000E3-AC02-40B5-BB89-062B855D994E}.Release|x86.ActiveCfg = Release|Win32
		{1B3000E3-AC02-40B5-BB89-062B855D994E}.Release|x86.Build.0 = Release|Win32
		{865B98ED-4B0E-49B1-A744-1ECE96818526}.Debug|x64.ActiveCfg = Debug|x64
		{865B98ED-4B0E-49B1-A744-1ECE96818526}.Debug|x64.Build.0 = Debug|x64
		{865B98ED-4B0E-49B1-A744-1ECE96818526}.Debug|x86.ActiveCfg = Debug|Win32
		{865B98ED-4B0E-49B1-A744-1ECE96818526}.Debug|x86.Build.0 = Debug|Win32
		{865B98ED-4B0E-49B1-A744-1ECE96818526}.Release|x64.ActiveCfg = Release|x64
		{865B98ED-4B0E-49B1-A744-1ECE96818526}.Release|x64.Build.0 = Release|x64
		{865B98ED-4B0E-49B1-A744-1ECE96818526}.Release|x86.ActiveCfg = Release|Win32
		{865B98ED-4B0E-49B1-A744-1ECE96818526}.Release|x86.Build.0 = Release|Win32
		{6D85E6A7-FCFB-42AF-8668-A65B29D25724}.Debug|x64.ActiveCfg = Debug|x64
		{6D85E6A7-FCFB-42AF-8668-A65B29D25724}.Debug|x64.Build.0 = Debug|x64
		{6D85E6A7-FCFB-42AF-8668-A65B29D25724}.Debug|x86.ActiveCfg = Debug|Win32
		{6D85E6A7-FCFB-42AF-8668-A65B29D25724}.Debug|x86.Build.0 = Debug|Win32
		{6D85E6A7-FCFB-42AF-8668-A65B29D25724}.Release|x64.ActiveCfg = Release|x64
		{6D85E6A7-FCFB-42AF-8668-A65B29D25724}.Release|x64.Build.0 = Release|x64
		{6D85E6A7-FCFB-42AF-8668-A65B29D25724}.Release|x86.ActiveCfg = Release|Win32
		{6D85E6A7-FCFB-42AF-8668-A65B29D25724}.Release|x86.Build.0 = Release|Win32
		{1C446D3B-30B2-4161-86B2-659D18F376FC}.Debug|x64.ActiveCfg = Debug|x64
		{1C446D3B-30B2-4161-86B2-659D18F376FC}.Debug|x64.Build.0 = Debug|x64
		{1C446D3B-30B2-4161-86B2-659D18F376FC}.Debug|x86.ActiveCfg = Debug|Win32
		{1C446D3B-30B2-4161-86B2-659D18F376FC}.Debug|x86.Build.0 = Debug|Win32
		{1C446D3B-30B2-4161-86B2-659D18F376FC}.Release|x64.ActiveCfg = Release|x64
		{1C446D3B-30B2-4161-86B2-659D18F376FC}.Release|x64.Build.0 = Release|x64
		{1C446D3B-30B2-4161-86B2-659D18F376FC}.Release|x86.ActiveCfg = Release|Win32
		{1C446D3B-30B2-4161-86B2-659D18F376FC}.Release|x86.Build.0 = Release|Win32
		{FC853B3D-ACD6-4045-A682-0FDE75916FCF}.Debug|x64.ActiveCfg = Debug|x64
		{FC853B3D-ACD6-4045-A682-0FDE75916FCF}.Debug|x64.Build.0 = Debug|x64
		{FC853B3D-ACD6-4045-A682-0FDE75916FCF}.Debug|x86.ActiveCfg = Debug|Win32
		{FC853B3D-ACD6-4045-A682-0FDE75916FCF}.Debug|x86.Build.0 = Debug|Win32
		{FC853B3D-ACD6-4045-A682-0FDE75916FCF}.Release|x64.ActiveCfg = Release|x64
		{FC853B3D-ACD6-4045-A682-0FDE75916FCF}.Release|x64.Build.0 = Release|x64
		{FC853B3D-ACD6-4045-A682-0FDE75916FCF}.Release|x86.ActiveCfg = Release|Win32
		{FC853B3D-ACD6-4045-A682-0FDE75916FCF}.Release|x86.Build.0 = Release|Win32
		{17270B7D-DD99-4871-A330-E56C99C5CE86}.Debug|x64.ActiveCfg = Debug|x64
		{17270B7D-DD99-4871-A330-E56C99C5CE86}.Debug|x64.Build.0 = Debug|x64
		{17270B7D-DD99-4871-A330-E56C99C5CE86}.Debug|x86.ActiveCfg = Debug|Win32
		{17270B7D-DD99-4871-A330-E56C99C5CE86}.Debug|x86.Build.0 = Debug|Win32
		{17270B7D-DD99-4871-A330-E56C99C5CE86}.Release|x64.ActiveCfg = Release|x64
		{17270B7D-DD99-4871-A330-E56C99C5CE86}.Release|x64.Build.0 = Release|x64
		{17270B7D-DD99-4871-A330-E56C99C5CE86}.Release|x86.ActiveCfg = Release|Win32
		{17270B7D-DD99-4871-A330-E56C99C5CE86}.Release|x86.Build.0 = Release|Win32
		{403E7C56-B964-4D0C-A96C-9A8FCD8E6B4A}.Debug|x64.ActiveCfg = Debug|x64
		{403E7C56-B964-4D0C-A96C-9A8FCD8E6B4A}.Debug|x64.Build.0 = Debug|x64
		{403E7C56-B964-4D0C-A96C-9A8FCD8E6B4A}.Debug|x86.ActiveCfg = Debug|Win32
		{403E7C56-B964-4D0C-A96C-9A8FCD8E6B4A}.Debug|x86.Build.0 = Debug|Win32
		{403E7C56-B964-4D0C-A96C-9A8FCD8E6B4A}.Release|x64.ActiveCfg = Release|x64
		{403E7C56-B964-4D0C-A96C-9A8FCD8E6B4A}.Release|x64.Build.0 = Release|x64
		{403E7C56-B964-4D0C-A96C-9A8FCD8E6B4A}.Release|x86.ActiveCfg = Release|Win32
		{403E7C56-B964-4D0C-A96C-9A8FCD8E6B4A}.Release|x86.Build.0 = Release|Win32
		{C1F10D3E-83C0-4F65-91F0-CFD479C5D7E8}.Debug|x64.ActiveCfg = Debug|x64
		{C1F10D3E-83C0-4F65-91F0-CFD479C5D7E8}.Debug|x64.Build.0 = Debug|x64
		{C1F10D3E-83C0-4F65-91F0-CFD479C5D7E8}.Debug|x86.ActiveCfg = Debug|Win32
		{C1F10D3E-83C0-4F65-91F0-CFD479C5D7E8}.Debug|x86.Build.0 = Debug|Win32
		{C1F10D3E-83C0-4F65-91F0-CFD479C5D7E8}.Release|x64.ActiveCfg = Release|x64
		{C1F10D3E-83C0-4F65-91F0-CFD479C5D7E8}.Release|x64.Build.0 = Release|x64
		{C1F10D3E-83C0-4F65-91F0-CFD479C5D7E8}.Release|x86.ActiveCfg = Release|Win32
		{C1F10D3E-83C0-4F65-91F0-CFD479C5D7E8}.Release|x86.Build.0 = Release|Win32
		{33E54E1B-2273-45D1-BA8B-05DF301D2699}.Debug|x64.ActiveCfg = Debug|x64
		{33E54E1B-2273-45D1-BA8B-05DF301D2699}.Debug|x64.Build.0 = Debug|x64
		{33E54E1B-2273-45D1-BA8B-05DF301D2699}.Debug|x86.ActiveCfg = Debug|Win32
		{33E54E1B-2273-45D1-BA8B-05DF301D2699}.Debug|x86.Build.0 = Debug|Win32
		{33E54E1B-2273-45D1-BA8B-05DF301D2699}.Release|x64.ActiveCfg = Release|x64
		{33E54E1B-2273-45D1-BA8B-05DF301D2699}.Release|x64.Build.0 = Release|x64
		{33E54E1B-2273-45D1-BA8B-05DF301D2699}.Release|x86.ActiveCfg = Release|Win32
		{33E54E1B-2273-45D1-BA8B-05DF301D2699}.Release|x86.Build.0 = Release|Win32
		{57C0D3EF-272E-4828-B68B-2163BD83AF11}.Debug|x64.ActiveCfg = Debug|x64
		{57C0D3EF-272E-4828-B68B-2163BD83AF11}.Debug|x64.Build.0 = Debug|x64
		{57C0D3EF-272E-4828-B68B-2163BD83AF11}.Debug|x86.ActiveCfg = Debug|Win32
		{57C0D3EF-272E-4828-B68B-2163BD83AF11}.Debug|x86.Build.0 = Debug|Win32
		{57C0D3EF-272E-4828-B68B-2163BD83AF11}.Release|x64.ActiveCfg = Release|x64
		{57C0D3EF-272E-4828-B68B-2163BD83AF11}.Release|x64.Build.0 = Release|x64
		{57C0D3EF-272E-4828-B68B-2163BD83AF11}.Release|x86.ActiveCfg = Release|Win32
		{57C0D3EF-272E-4828-B68B-2163BD83AF11}.Release|x86.Build.0 = Release|Win32
		{C13BE807-918E-46CB-A7A1-11A1E654DF85}.Debug|x64.ActiveCfg = Debug|x64
		{C13BE807-918E-46CB-A7A1-11A1E654DF85}.Debug|x64.Build.0 = Debug|x64
		{C13BE807-918E-46CB-A7A1-11A1E654DF85}.Debug|x86.ActiveCfg = Debug|Win32
		{C13BE807-918E-46CB-A7A1-11A1E654DF85}.Debug|x86.Build.0 = Debug|Win32
		{C13BE807-918E-46CB-A7A1-11A1E654DF85}.Release|x64.ActiveCfg = Release|x64
		{C13BE807-918E-46CB-A7A1-11A1E654DF85}.Release|x64.Build.0 = Release|x64
		{C13BE807-918E-46CB-A7A1-11A1E654DF85}.Release|x86.ActiveCfg = Release|Win32
		{C13BE807-918E-46CB-A7A1-11A1E654DF85}.Release|x86.Build.0 = Release|Win32
		{1AC01556-CC7C-468F-9B03-590955D22446}.Debug|x64.ActiveCfg = Debug|x64
		{1AC01556-CC7C-468F-9B03-590955D22446}.Debug|x64.Build.0 = Debug|x64
		{1AC01556-CC7C-468F-9B03-590955D22446}.Debug|x86.ActiveCfg = Debug|Win32
		{1AC01556-CC7C-468F-9B03-590955D22446}.Debug|x86.Build.0 = Debug|Win32
		{1AC01556-CC7C-468F-9B03-590955D22446}.Release|x64.ActiveCfg = Release|x64
		{1AC01556-CC7C-468F-9B03-590955D22446}.Release|x64.Build.0 = Release|x64
		{1AC01556-CC7C-468F-9B03-590955D22446}.Release|x86.ActiveCfg = Release|Win32
		{1AC01556-CC7C-468F-9B03-590955D22446}.Release|x86.Build.0 = Release|Win32
		{9DB0C1BD-F7A3-47F0-A5FB-85DEDA623468}.Debug|x64.ActiveCfg = Debug|x64
		{9DB0C1BD-F7A3-47F0-A5FB-85DEDA623468}.Debug|x64.Build.0 = Debug|x64
		{9DB0C1BD-F7A3-47F0-A5FB-85DEDA623468}.Debug|x86.ActiveCfg = Debug|Win32
		{9DB0C1BD-F7A3-47F0-A5FB-85DEDA623468}.Debug|x86.Build.0 = Debug|Win32
		{9DB0C1BD-F7A3-47F0-A5FB-85DEDA623468}.Release|x64.ActiveCfg = Release|x64
		{9DB0C1BD-F7A3-47F0-A5FB-85DEDA623468}.Release|x64.Build.0 = Release|x64
		{9DB0C1BD-F7A3-47F0-A5FB-85DEDA623468}.Release|x86.ActiveCfg = Release|Win32
		{9DB0C1BD-F7A3-47F0-A5FB-85DEDA623468}.Release|x86.Build.0 = Release|Win32
		{1B1F8EE1-55FA-4A9E-A6F9-AA55655D70A2}.Debug|x64.ActiveCfg = Debug|x64
		{1B1F8EE1-55FA-4A9E-A6F9-AA55655D70A2}.Debug|x64.Build.0 = Debug|x64
		{1B1F8EE1-55FA-4A9E-A6F9-AA55655D70A2}.Debug|x86.ActiveCfg = Debug|Win32
		{1B1F8EE1-55FA-4A9E-A6F9-AA55655D70A2}.Debug|x86.Build.0 = Debug|Win32
		{1B1F8EE1-55FA-4A9E-A6F9-AA55655D70A2}.Release|x64.ActiveCfg = Release|x64
		{1B1F8EE1-55FA-4A9E-A6F9-AA55655D70A2}.Release|x64.Build.0 = Release|x64
		{1B1F8EE1-55FA-4A9E-A6F9-AA55655D70A2}.Release|x86.ActiveCfg = Release|Win32
		{1B1F8EE1-55FA-4A9E-A6F9-AA55655D70A2}.Release|x86.Build.0 = Release|Win32
		{A7231248-0F71-4DE4-B810-F3A824A43308}.Debug|x64.ActiveCfg = Debug|x64
		{A7231248-0F71-4DE4-B810-F3A824A43308}.Debug|x64.Build.0 = Debug|x64
		{A7231248-0F71-4DE4-B810-F3A824A43308}.Debug|x86.ActiveCfg = Debug|Win32
		{A7231248-0F71-4DE4-B810-F3A824A43308}.Debug|x86.Build.0 = Debug|Win32
		{A7231248-0F71-4DE4-B810-F3A824A43308}.Release|x64.ActiveCfg = Release|x64
		{A7231248-0F71-4DE4-B810-F3A824A43308}.Release|x64.Build.0 = Release|x64
		{A7231248-0F71-4DE4-B810-F3A824A43308}.Release|x86.ActiveCfg = Release|Win32
		{A7231248-0F71-4DE4-B810-F3A824A43308}.Release|x86.Build.0 = Release|Win32
		{239141AB-27F2-4971-8846-0BB67BD21FD6}.Debug|x64.ActiveCfg = Debug|x64
		{239141AB-27F2-4971-8846-0BB67BD21FD6}.Debug|x64.Build.0 = Debug|x64
		{239141AB-27F2-4971-8846-0BB67BD21FD6}.Debug|x86.ActiveCfg = Debug|Win32
		{239141AB-27F2-4971-8846-0BB67BD21FD6}.Debug|x86.Build.0 = Debug|Win32
		{239141AB-27F2-4971-8846-0BB67BD21FD6}.Release|x64.ActiveCfg = Release|x64
		{239141AB-27F2-4971-8846-0BB67BD21FD6}.Release|x64.Build.0 = Release|x64
		{239141AB-27F2-4971-8846-0BB67BD21FD6}.Release|x86.ActiveCfg = Release|Win32
		{239141AB-27F2-4971-8846-0BB67BD21FD6}.Release|x86.Build.0 = Release|Win32
		{04D43D76-F73C-4165-8B78-733277297593}.Debug|x64.ActiveCfg = Debug|x64
		{04D43D76-F73C-4165-8B78-733277297593}.Debug|x64.Build.0 = Debug|x64
		{04D43D76-F73C-4165-8B78-733277297593}.Debug|x86.ActiveCfg = Debug|Win32
		{04D43D76-F73C-4165-8B78-733277297593}.Debug|x86.Build.0 = Debug|Win32
		{04D43D76-F73C-4165-8B78-733277297593}.Release|x64.ActiveCfg = Release|x64
		{04D43D76-F73C-4165-8B78-733277297593}.Release|x64.Build.0 = Release|x64
		{04D43D76-F73C-4165-8B78-733277297593}.Release|x86.ActiveCfg = Release|Win32
		{04D43D76-F73C-4165-8B78-733277297593}.Release|x86.Build.0 = Release|Win32
		{0786859B-454E-4643-BD82-E26B3C212C79}.Debug|x64.ActiveCfg = Debug|x64
		{0786859B-454E-4643-BD82-E26B3C212C79}.Debug|x64.Build.0 = Debug|x64
		{0786859B-454E-4643-BD82-E26B3C212C79}.Debug|x86.ActiveCfg = Debug|Win32
		{0786859B-454E-4643-BD82-E26B3C212C79}.Debug|x86.Build.0 = Debug|Win32
		{0786859B-454E-4643-BD82-E26B3C212C79}.Release|x64.ActiveCfg = Release|x64
		{0786859B-454E-4643-BD82-E26B3C212C79}.Release|x64.Build.0 = Release|x64
		{0786859B-454E-4643-BD82-E26B3C212C79}.Release|x86.ActiveCfg = Release|Win32
		{0786859B-454E-4643-BD82-E26B3C212C79}.Release|x86.Build.0 = Release|Win32
		{6C0DC9F2-6E3E-4BD5-BDFB-EC16CC5E25EF}.Debug|x64.ActiveCfg = Debug|x64
		{6C0DC9F2-6E3E-4BD5-BDFB-EC16CC5E25EF}.Debug|x64.Build.0 = Debug|x64
		{6C0DC9F2-6E3E-4BD5-BDFB-EC16CC5E25EF}.Debug|x86.ActiveCfg = Debug|Win32
		{6C0DC9F2-6E3E-4BD5-BDFB-EC16CC5E25EF}.Debug|x86.Build.0 = Debug|Win32
		{6C0DC9F2-6E3E-4BD5-BDFB-EC16CC5E25EF}.Release|x64.ActiveCfg = Release|x64
		{6C0DC9F2-6E3E-4BD5-BDFB-EC16CC5E25EF}.Release|x64.Build.0 = Release|x64
		{6C0DC9F2-6E3E-4BD5-BDFB-EC16CC5E25EF}.Release|x86.ActiveCfg = Release|Win32
		{6C0DC9F2-6E3E-4BD5-BDFB-EC16CC5E25EF}.Release|x86.Build.0 = Release|Win32
		{F59779AB-3322-43E8-BFD0-8523FF3D7DDF}.Debug|x64.ActiveCfg = Debug|x64
		{F59779AB-3322-43E8-BFD0-8523FF3D7DDF}.Debug|x64.Build.0 = Debug|x64
		{F59779AB-3322-43E8-BFD0-8523FF3D7DDF}.Debug|x86.ActiveCfg = Debug|Win32
		{F59779AB-3322-43E8-BFD0-8523FF3D7DDF}.Debug|x86.Build.0 = Debug|Win32
		{F59779AB-3322-43E8-BFD0-8523FF3D7DDF}.Release|x64.ActiveCfg = Release|x64
		{F59779AB-3322-43E8-BFD0-8523FF3D7DDF}.Release|x64.Build.0 = Release|x64
		{F59779AB-3322-43E8-BFD0-8523FF3D7DDF}.Release|x86.ActiveCfg = Release|Win32
		{F59779AB-3322-43E8-BFD0-8523FF3D7DDF}.Release|x86.Build.0 = Release|Win32
		{DA76BD25-4267-4FD0-A873-EA57EAC9ED89}.Debug|x64.ActiveCfg = Debug|x64
		{DA76BD25-4267-4FD0-A873-EA57EAC9ED89}.Debug|x64.Build.0 = Debug|x64
		{DA76BD25-4267-4FD0-A873-EA57EAC9ED89}.Debug|x86.ActiveCfg = Debug|Win32
		{DA76BD25-4267-4FD0-A873-EA57EAC9ED89}.Debug|x86.Build.0 = Debug|Win32
		{DA76BD25-4267-4FD0-A873-EA57EAC9ED89}.Release|x64.ActiveCfg = Release|x64
		{DA76BD25-4267-4FD0-A873-EA57EAC9ED89}.Release|x64.Build.0 = Release|x64
		{DA76BD25-4267-4FD0-A873-EA57EAC9ED89}.Release|x86.ActiveCfg = Release|Win32
		{DA76BD25-4267-4FD0-A873-EA57EAC9ED89}.Release|x86.Build.0 = Release|Win32
		{7B861829-010D-4185-BDF5-492A948DE440}.Debug|x64.ActiveCfg = Debug|x64
		{7B861829-010D-4185-BDF5-492A948DE440}.Debug|x64.Build.0 = Debug|x64
		{7B861829-010D-4185-BDF5-492A948DE440}.Debug|x86.ActiveCfg = Debug|Win32
		{7B861829-010D-4185-BDF5-492A948DE440}.Debug|x86.Build.0 = Debug|Win32
		{7B861829-010D-4185-BDF5-492A948DE440}.Release|x64.ActiveCfg = Release|x64
		{7B861829-010D-4185-BDF5-492A948DE440}.Release|x64.Build.0 = Release|x64
		{7B861829-010D-4185-BDF5-492A948DE440}.Release|x86.ActiveCfg = Release|Win32
		{7B861829-010D-4185-BDF5-492A948DE440}.Release|x86.Build.0 = Release|Win32
		{F4FCD0C8-6F6B-44B1-BD87-582102E66C38}.Debug|x64.ActiveCfg = Debug|x64
		{F4FCD0C8-6F6B-44B1-BD87-582102E66C38}.Debug|x64.Build.0 = Debug|x64
		{F4FCD0C8-6F6B-44B1-BD87-582102E66C38}.Debug|x86.ActiveCfg = Debug|Win32
		{F4FCD0C8-6F6B-44B1-BD87-582102E66C38}.Debug|x86.Build.0 = Debug|Win32
		{F4FCD0C8-6F6B-44B1-BD87-582102E66C38}.Release|x64.ActiveCfg = Release|x64
		{F4FCD0C8-6F6B-44B1-BD87-582102E66C38}.Release|x64.Build.0 = Release|x64
		{F4FCD0C8-6F6B-44B1-BD87-582102E66C38}.Release|x86.ActiveCfg = Release|Win32
		{F4FCD0C8-6F6B-44B1-BD87-582102E66C38}.Release|x86.Build.0 = Release|Win32
		{38C9BAB8-CAD7-464F-8421-99EE0D509BE5}.Debug|x64.ActiveCfg = Debug|x64
		{38C9BAB8-CAD7-464F-8421-99EE0D509BE5}.Debug|x64.Build.0 = Debug|x64
		{38C9BAB8-CAD7-464F-8421-99EE0D509BE5}.Debug|x86.ActiveCfg = Debug|Win32
		{38C9BAB8-CAD7-464F-8421-99EE0D509BE5}.Debug|x86.Build.0 = Debug|Win32
		{38C9BAB8-CAD7-464F-8421-99EE0D509BE5}.Release|x64.ActiveCfg = Release|x64
		{38C9BAB8-CAD7-464F-8421-99EE0D509BE5}.Release|x64.Build.0 = Release|x64
		{38C9BAB8-CAD7-464F-8421-99EE0D509BE5}.Release|x86.ActiveCfg = Release|Win32
		{38C9BAB8-CAD7-464F-8421-99EE0D509BE5}.Release|x86.Build.0 = Release|Win32
	EndGlobalSection
	GlobalSection(SolutionProperties) = preSolution
		HideSolutionNode = FALSE
	EndGlobalSection
	GlobalSection(ExtensibilityGlobals) = postSolution
		SolutionGuid = {610E638E-C717-4E70-B60C-FC1234120C7D}
	EndGlobalSection
EndGlobal
